
Microsoft Visual Studio Solution File, Format Version 12.00
# Visual Studio Version 17
VisualStudioVersion = 17.10.34916.146
MinimumVisualStudioVersion = 10.0.40219.1
Project("{9A19103F-16F7-4668-BE54-9A1E7A4F7556}") = "App.VirtualGallery", "Virtual Gallery\App.VirtualGallery.csproj", "{C8F6328E-B774-4CFC-905D-55A772C2E801}"
EndProject
Project("{9A19103F-16F7-4668-BE54-9A1E7A4F7556}") = "Library.VirtualGallery", "Library.VirtualGallery\Library.VirtualGallery.csproj", "{F1DAD50B-4CED-4DA0-90A4-4A985151E723}"
EndProject
Project("{FAE04EC0-301F-11D3-BF4B-00C04F79EFBC}") = "MAUI.VirtualGallery", "MAUI.VirtualGallery\MAUI.VirtualGallery.csproj", "{5F1C7111-AA58-4507-98D2-6441FE6E444D}"
EndProject
Global
	GlobalSection(SolutionConfigurationPlatforms) = preSolution
		Debug|Any CPU = Debug|Any CPU
		Release|Any CPU = Release|Any CPU
	EndGlobalSection
	GlobalSection(ProjectConfigurationPlatforms) = postSolution
		{C8F6328E-B774-4CFC-905D-55A772C2E801}.Debug|Any CPU.ActiveCfg = Debug|Any CPU
		{C8F6328E-B774-4CFC-905D-55A772C2E801}.Debug|Any CPU.Build.0 = Debug|Any CPU
		{C8F6328E-B774-4CFC-905D-55A772C2E801}.Release|Any CPU.ActiveCfg = Release|Any CPU
		{C8F6328E-B774-4CFC-905D-55A772C2E801}.Release|Any CPU.Build.0 = Release|Any CPU
		{F1DAD50B-4CED-4DA0-90A4-4A985151E723}.Debug|Any CPU.ActiveCfg = Debug|Any CPU
		{F1DAD50B-4CED-4DA0-90A4-4A985151E723}.Debug|Any CPU.Build.0 = Debug|Any CPU
		{F1DAD50B-4CED-4DA0-90A4-4A985151E723}.Release|Any CPU.ActiveCfg = Release|Any CPU
		{F1DAD50B-4CED-4DA0-90A4-4A985151E723}.Release|Any CPU.Build.0 = Release|Any CPU
		{5F1C7111-AA58-4507-98D2-6441FE6E444D}.Debug|Any CPU.ActiveCfg = Debug|Any CPU
		{5F1C7111-AA58-4507-98D2-6441FE6E444D}.Debug|Any CPU.Build.0 = Debug|Any CPU
		{5F1C7111-AA58-4507-98D2-6441FE6E444D}.Debug|Any CPU.Deploy.0 = Debug|Any CPU
		{5F1C7111-AA58-4507-98D2-6441FE6E444D}.Release|Any CPU.ActiveCfg = Release|Any CPU
		{5F1C7111-AA58-4507-98D2-6441FE6E444D}.Release|Any CPU.Build.0 = Release|Any CPU
		{5F1C7111-AA58-4507-98D2-6441FE6E444D}.Release|Any CPU.Deploy.0 = Release|Any CPU
	EndGlobalSection
	GlobalSection(SolutionProperties) = preSolution
		HideSolutionNode = FALSE
	EndGlobalSection
	GlobalSection(ExtensibilityGlobals) = postSolution
		SolutionGuid = {8ED8A6FC-DF18-48F7-BE3D-F441B5EFD93F}
	EndGlobalSection
EndGlobal
